
Microsoft Visual Studio Solution File, Format Version 12.00
# Visual Studio Version 17
VisualStudioVersion = 17.0.31903.59
MinimumVisualStudioVersion = 10.0.40219.1
Project("{FAE04EC0-301F-11D3-BF4B-00C04F79EFBC}") = "WebApi", "WebApi\WebApi.csproj", "{42A60E7D-5182-4291-8CBF-657DA7202550}"
EndProject
Project("{FAE04EC0-301F-11D3-BF4B-00C04F79EFBC}") = "TaskManagerBase", "TaskManagerBase\TaskManagerBase.csproj", "{0ABAECC8-71AA-4590-B7F8-12B6EBF631B6}"
EndProject
Project("{FAE04EC0-301F-11D3-BF4B-00C04F79EFBC}") = "MSTestProject", "MSTestProject\MSTestProject.csproj", "{CE67BB8E-C0F4-4FD9-B3FA-D86F62DD58CA}"
EndProject
Project("{FAE04EC0-301F-11D3-BF4B-00C04F79EFBC}") = "DBLayer", "DBLayer\DBLayer.csproj", "{3889B146-AE8D-4D60-A73F-A2EFF677F20E}"
EndProject
Global
	GlobalSection(SolutionConfigurationPlatforms) = preSolution
		Debug|Any CPU = Debug|Any CPU
		Debug|x64 = Debug|x64
		Debug|x86 = Debug|x86
		Release|Any CPU = Release|Any CPU
		Release|x64 = Release|x64
		Release|x86 = Release|x86
	EndGlobalSection
	GlobalSection(ProjectConfigurationPlatforms) = postSolution
		{42A60E7D-5182-4291-8CBF-657DA7202550}.Debug|Any CPU.ActiveCfg = Debug|Any CPU
		{42A60E7D-5182-4291-8CBF-657DA7202550}.Debug|Any CPU.Build.0 = Debug|Any CPU
		{42A60E7D-5182-4291-8CBF-657DA7202550}.Debug|x64.ActiveCfg = Debug|Any CPU
		{42A60E7D-5182-4291-8CBF-657DA7202550}.Debug|x64.Build.0 = Debug|Any CPU
		{42A60E7D-5182-4291-8CBF-657DA7202550}.Debug|x86.ActiveCfg = Debug|Any CPU
		{42A60E7D-5182-4291-8CBF-657DA7202550}.Debug|x86.Build.0 = Debug|Any CPU
		{42A60E7D-5182-4291-8CBF-657DA7202550}.Release|Any CPU.ActiveCfg = Release|Any CPU
		{42A60E7D-5182-4291-8CBF-657DA7202550}.Release|Any CPU.Build.0 = Release|Any CPU
		{42A60E7D-5182-4291-8CBF-657DA7202550}.Release|x64.ActiveCfg = Release|Any CPU
		{42A60E7D-5182-4291-8CBF-657DA7202550}.Release|x64.Build.0 = Release|Any CPU
		{42A60E7D-5182-4291-8CBF-657DA7202550}.Release|x86.ActiveCfg = Release|Any CPU
		{42A60E7D-5182-4291-8CBF-657DA7202550}.Release|x86.Build.0 = Release|Any CPU
		{0ABAECC8-71AA-4590-B7F8-12B6EBF631B6}.Debug|Any CPU.ActiveCfg = Debug|Any CPU
		{0ABAECC8-71AA-4590-B7F8-12B6EBF631B6}.Debug|Any CPU.Build.0 = Debug|Any CPU
		{0ABAECC8-71AA-4590-B7F8-12B6EBF631B6}.Debug|x64.ActiveCfg = Debug|Any CPU
		{0ABAECC8-71AA-4590-B7F8-12B6EBF631B6}.Debug|x64.Build.0 = Debug|Any CPU
		{0ABAECC8-71AA-4590-B7F8-12B6EBF631B6}.Debug|x86.ActiveCfg = Debug|Any CPU
		{0ABAECC8-71AA-4590-B7F8-12B6EBF631B6}.Debug|x86.Build.0 = Debug|Any CPU
		{0ABAECC8-71AA-4590-B7F8-12B6EBF631B6}.Release|Any CPU.ActiveCfg = Release|Any CPU
		{0ABAECC8-71AA-4590-B7F8-12B6EBF631B6}.Release|Any CPU.Build.0 = Release|Any CPU
		{0ABAECC8-71AA-4590-B7F8-12B6EBF631B6}.Release|x64.ActiveCfg = Release|Any CPU
		{0ABAECC8-71AA-4590-B7F8-12B6EBF631B6}.Release|x64.Build.0 = Release|Any CPU
		{0ABAECC8-71AA-4590-B7F8-12B6EBF631B6}.Release|x86.ActiveCfg = Release|Any CPU
		{0ABAECC8-71AA-4590-B7F8-12B6EBF631B6}.Release|x86.Build.0 = Release|Any CPU
		{CE67BB8E-C0F4-4FD9-B3FA-D86F62DD58CA}.Debug|Any CPU.ActiveCfg = Debug|Any CPU
		{CE67BB8E-C0F4-4FD9-B3FA-D86F62DD58CA}.Debug|Any CPU.Build.0 = Debug|Any CPU
		{CE67BB8E-C0F4-4FD9-B3FA-D86F62DD58CA}.Debug|x64.ActiveCfg = Debug|Any CPU
		{CE67BB8E-C0F4-4FD9-B3FA-D86F62DD58CA}.Debug|x64.Build.0 = Debug|Any CPU
		{CE67BB8E-C0F4-4FD9-B3FA-D86F62DD58CA}.Debug|x86.ActiveCfg = Debug|Any CPU
		{CE67BB8E-C0F4-4FD9-B3FA-D86F62DD58CA}.Debug|x86.Build.0 = Debug|Any CPU
		{CE67BB8E-C0F4-4FD9-B3FA-D86F62DD58CA}.Release|Any CPU.ActiveCfg = Release|Any CPU
		{CE67BB8E-C0F4-4FD9-B3FA-D86F62DD58CA}.Release|Any CPU.Build.0 = Release|Any CPU
		{CE67BB8E-C0F4-4FD9-B3FA-D86F62DD58CA}.Release|x64.ActiveCfg = Release|Any CPU
		{CE67BB8E-C0F4-4FD9-B3FA-D86F62DD58CA}.Release|x64.Build.0 = Release|Any CPU
		{CE67BB8E-C0F4-4FD9-B3FA-D86F62DD58CA}.Release|x86.ActiveCfg = Release|Any CPU
		{CE67BB8E-C0F4-4FD9-B3FA-D86F62DD58CA}.Release|x86.Build.0 = Release|Any CPU
		{3889B146-AE8D-4D60-A73F-A2EFF677F20E}.Debug|Any CPU.ActiveCfg = Debug|Any CPU
		{3889B146-AE8D-4D60-A73F-A2EFF677F20E}.Debug|Any CPU.Build.0 = Debug|Any CPU
		{3889B146-AE8D-4D60-A73F-A2EFF677F20E}.Debug|x64.ActiveCfg = Debug|Any CPU
		{3889B146-AE8D-4D60-A73F-A2EFF677F20E}.Debug|x64.Build.0 = Debug|Any CPU
		{3889B146-AE8D-4D60-A73F-A2EFF677F20E}.Debug|x86.ActiveCfg = Debug|Any CPU
		{3889B146-AE8D-4D60-A73F-A2EFF677F20E}.Debug|x86.Build.0 = Debug|Any CPU
		{3889B146-AE8D-4D60-A73F-A2EFF677F20E}.Release|Any CPU.ActiveCfg = Release|Any CPU
		{3889B146-AE8D-4D60-A73F-A2EFF677F20E}.Release|Any CPU.Build.0 = Release|Any CPU
		{3889B146-AE8D-4D60-A73F-A2EFF677F20E}.Release|x64.ActiveCfg = Release|Any CPU
		{3889B146-AE8D-4D60-A73F-A2EFF677F20E}.Release|x64.Build.0 = Release|Any CPU
		{3889B146-AE8D-4D60-A73F-A2EFF677F20E}.Release|x86.ActiveCfg = Release|Any CPU
		{3889B146-AE8D-4D60-A73F-A2EFF677F20E}.Release|x86.Build.0 = Release|Any CPU
	EndGlobalSection
	GlobalSection(SolutionProperties) = preSolution
		HideSolutionNode = FALSE
	EndGlobalSection
EndGlobal
